
Microsoft Visual Studio Solution File, Format Version 12.00
# Visual Studio Version 17
VisualStudioVersion = 17.11.35222.181
MinimumVisualStudioVersion = 10.0.40219.1
Project("{FAE04EC0-301F-11D3-BF4B-00C04F79EFBC}") = "2024_09_24_pitypang", "2024_09_24_pitypang\2024_09_24_pitypang.csproj", "{2586D4A5-C335-4945-98E5-ACBD0EA18375}"
EndProject
Global
	GlobalSection(SolutionConfigurationPlatforms) = preSolution
		Debug|Any CPU = Debug|Any CPU
		Release|Any CPU = Release|Any CPU
	EndGlobalSection
	GlobalSection(ProjectConfigurationPlatforms) = postSolution
		{2586D4A5-C335-4945-98E5-ACBD0EA18375}.Debug|Any CPU.ActiveCfg = Debug|Any CPU
		{2586D4A5-C335-4945-98E5-ACBD0EA18375}.Debug|Any CPU.Build.0 = Debug|Any CPU
		{2586D4A5-C335-4945-98E5-ACBD0EA18375}.Release|Any CPU.ActiveCfg = Release|Any CPU
		{2586D4A5-C335-4945-98E5-ACBD0EA18375}.Release|Any CPU.Build.0 = Release|Any CPU
	EndGlobalSection
	GlobalSection(SolutionProperties) = preSolution
		HideSolutionNode = FALSE
	EndGlobalSection
	GlobalSection(ExtensibilityGlobals) = postSolution
		SolutionGuid = {1D6866EF-6692-4EAC-B97F-DCCFBC3E0DA1}
	EndGlobalSection
EndGlobal
