
Microsoft Visual Studio Solution File, Format Version 12.00
# Visual Studio Version 17
VisualStudioVersion = 17.11.35222.181
MinimumVisualStudioVersion = 10.0.40219.1
Project("{FAE04EC0-301F-11D3-BF4B-00C04F79EFBC}") = "2024_09_10_Rajzolas", "2024_09_10_Rajzolas\2024_09_10_Rajzolas.csproj", "{BE99782F-4B31-44A9-82E3-CD3CBE4FDD28}"
EndProject
Global
	GlobalSection(SolutionConfigurationPlatforms) = preSolution
		Debug|Any CPU = Debug|Any CPU
		Release|Any CPU = Release|Any CPU
	EndGlobalSection
	GlobalSection(ProjectConfigurationPlatforms) = postSolution
		{BE99782F-4B31-44A9-82E3-CD3CBE4FDD28}.Debug|Any CPU.ActiveCfg = Debug|Any CPU
		{BE99782F-4B31-44A9-82E3-CD3CBE4FDD28}.Debug|Any CPU.Build.0 = Debug|Any CPU
		{BE99782F-4B31-44A9-82E3-CD3CBE4FDD28}.Release|Any CPU.ActiveCfg = Release|Any CPU
		{BE99782F-4B31-44A9-82E3-CD3CBE4FDD28}.Release|Any CPU.Build.0 = Release|Any CPU
	EndGlobalSection
	GlobalSection(SolutionProperties) = preSolution
		HideSolutionNode = FALSE
	EndGlobalSection
	GlobalSection(ExtensibilityGlobals) = postSolution
		SolutionGuid = {3E54389C-5D10-4439-8B64-2DB13A4497F2}
	EndGlobalSection
EndGlobal
